
Microsoft Visual Studio Solution File, Format Version 12.00
# Visual Studio Version 16
VisualStudioVersion = 16.0.28803.202
MinimumVisualStudioVersion = 10.0.40219.1
Project("{8BC9CEB8-8B4A-11D0-8D11-00A0C91BC942}") = "Testing0", "Testing0\Testing0.vcxproj", "{B84EDEE5-221B-4713-8EC7-9452CF218E0A}"
EndProject
Project("{8BC9CEB8-8B4A-11D0-8D11-00A0C91BC942}") = "Testing1", "Testing1\Testing1.vcxproj", "{30066C40-7894-475F-A208-307472F0CE2A}"
EndProject
Project("{8BC9CEB8-8B4A-11D0-8D11-00A0C91BC942}") = "Testing2", "Testing2\Testing2.vcxproj", "{B621A884-F027-4686-997A-C671EC5FA0A3}"
EndProject
Project("{8BC9CEB8-8B4A-11D0-8D11-00A0C91BC942}") = "Testing3", "Testing3\Testing3.vcxproj", "{1B4DE095-518F-4E72-8683-1C12B9A22307}"
EndProject
Project("{8BC9CEB8-8B4A-11D0-8D11-00A0C91BC942}") = "Testing4", "Testing4\Testing4.vcxproj", "{9E24EBCF-AB30-4BFF-9431-28D4B7C436F9}"
EndProject
Project("{8BC9CEB8-8B4A-11D0-8D11-00A0C91BC942}") = "Testing5", "Testing5\Testing5.vcxproj", "{AC95BA89-8CC4-445D-80E3-707926D0D2C4}"
EndProject
Project("{8BC9CEB8-8B4A-11D0-8D11-00A0C91BC942}") = "Testing6", "Testing6\Testing6.vcxproj", "{5826AFE0-5AD4-4B2F-8801-8B811EC46229}"
EndProject
Project("{8BC9CEB8-8B4A-11D0-8D11-00A0C91BC942}") = "Testing7", "Testing7\Testing7.vcxproj", "{700D135E-9E6C-4C19-9B24-826A5CA7CAA5}"
EndProject
Project("{8BC9CEB8-8B4A-11D0-8D11-00A0C91BC942}") = "Testing8", "Testing8\Testing8.vcxproj", "{294AA333-6CC9-477A-8D14-A453660ED0BF}"
EndProject
Project("{8BC9CEB8-8B4A-11D0-8D11-00A0C91BC942}") = "Testing9", "Testing9\Testing9.vcxproj", "{D9BF8CD0-E267-4C3F-B1FC-9327D35C7A2E}"
EndProject
Project("{8BC9CEB8-8B4A-11D0-8D11-00A0C91BC942}") = "Testing10", "Testing10\Testing10.vcxproj", "{53681476-F2FF-4B84-9200-1BCFC00BCD60}"
EndProject
Project("{8BC9CEB8-8B4A-11D0-8D11-00A0C91BC942}") = "Testing11", "Testing11\Testing11.vcxproj", "{1F026B1D-7BBC-4A1B-81EA-498611D15B74}"
EndProject
Project("{8BC9CEB8-8B4A-11D0-8D11-00A0C91BC942}") = "Testing12", "Testing12\Testing12.vcxproj", "{F4FA41D9-21DA-4A1A-BD74-3357E018E81E}"
EndProject
Global
	GlobalSection(SolutionConfigurationPlatforms) = preSolution
		Debug|x64 = Debug|x64
		Debug|x86 = Debug|x86
		Release|x64 = Release|x64
		Release|x86 = Release|x86
	EndGlobalSection
	GlobalSection(ProjectConfigurationPlatforms) = postSolution
		{B84EDEE5-221B-4713-8EC7-9452CF218E0A}.Debug|x64.ActiveCfg = Debug|x64
		{B84EDEE5-221B-4713-8EC7-9452CF218E0A}.Debug|x64.Build.0 = Debug|x64
		{B84EDEE5-221B-4713-8EC7-9452CF218E0A}.Debug|x86.ActiveCfg = Debug|Win32
		{B84EDEE5-221B-4713-8EC7-9452CF218E0A}.Debug|x86.Build.0 = Debug|Win32
		{B84EDEE5-221B-4713-8EC7-9452CF218E0A}.Release|x64.ActiveCfg = Release|x64
		{B84EDEE5-221B-4713-8EC7-9452CF218E0A}.Release|x64.Build.0 = Release|x64
		{B84EDEE5-221B-4713-8EC7-9452CF218E0A}.Release|x86.ActiveCfg = Release|Win32
		{B84EDEE5-221B-4713-8EC7-9452CF218E0A}.Release|x86.Build.0 = Release|Win32
		{30066C40-7894-475F-A208-307472F0CE2A}.Debug|x64.ActiveCfg = Debug|x64
		{30066C40-7894-475F-A208-307472F0CE2A}.Debug|x64.Build.0 = Debug|x64
		{30066C40-7894-475F-A208-307472F0CE2A}.Debug|x86.ActiveCfg = Debug|Win32
		{30066C40-7894-475F-A208-307472F0CE2A}.Debug|x86.Build.0 = Debug|Win32
		{30066C40-7894-475F-A208-307472F0CE2A}.Release|x64.ActiveCfg = Release|x64
		{30066C40-7894-475F-A208-307472F0CE2A}.Release|x64.Build.0 = Release|x64
		{30066C40-7894-475F-A208-307472F0CE2A}.Release|x86.ActiveCfg = Release|Win32
		{30066C40-7894-475F-A208-307472F0CE2A}.Release|x86.Build.0 = Release|Win32
		{B621A884-F027-4686-997A-C671EC5FA0A3}.Debug|x64.ActiveCfg = Debug|x64
		{B621A884-F027-4686-997A-C671EC5FA0A3}.Debug|x64.Build.0 = Debug|x64
		{B621A884-F027-4686-997A-C671EC5FA0A3}.Debug|x86.ActiveCfg = Debug|Win32
		{B621A884-F027-4686-997A-C671EC5FA0A3}.Debug|x86.Build.0 = Debug|Win32
		{B621A884-F027-4686-997A-C671EC5FA0A3}.Release|x64.ActiveCfg = Release|x64
		{B621A884-F027-4686-997A-C671EC5FA0A3}.Release|x64.Build.0 = Release|x64
		{B621A884-F027-4686-997A-C671EC5FA0A3}.Release|x86.ActiveCfg = Release|Win32
		{B621A884-F027-4686-997A-C671EC5FA0A3}.Release|x86.Build.0 = Release|Win32
		{1B4DE095-518F-4E72-8683-1C12B9A22307}.Debug|x64.ActiveCfg = Debug|x64
		{1B4DE095-518F-4E72-8683-1C12B9A22307}.Debug|x64.Build.0 = Debug|x64
		{1B4DE095-518F-4E72-8683-1C12B9A22307}.Debug|x86.ActiveCfg = Debug|Win32
		{1B4DE095-518F-4E72-8683-1C12B9A22307}.Debug|x86.Build.0 = Debug|Win32
		{1B4DE095-518F-4E72-8683-1C12B9A22307}.Release|x64.ActiveCfg = Release|x64
		{1B4DE095-518F-4E72-8683-1C12B9A22307}.Release|x64.Build.0 = Release|x64
		{1B4DE095-518F-4E72-8683-1C12B9A22307}.Release|x86.ActiveCfg = Release|Win32
		{1B4DE095-518F-4E72-8683-1C12B9A22307}.Release|x86.Build.0 = Release|Win32
		{9E24EBCF-AB30-4BFF-9431-28D4B7C436F9}.Debug|x64.ActiveCfg = Debug|x64
		{9E24EBCF-AB30-4BFF-9431-28D4B7C436F9}.Debug|x64.Build.0 = Debug|x64
		{9E24EBCF-AB30-4BFF-9431-28D4B7C436F9}.Debug|x86.ActiveCfg = Debug|Win32
		{9E24EBCF-AB30-4BFF-9431-28D4B7C436F9}.Debug|x86.Build.0 = Debug|Win32
		{9E24EBCF-AB30-4BFF-9431-28D4B7C436F9}.Release|x64.ActiveCfg = Release|x64
		{9E24EBCF-AB30-4BFF-9431-28D4B7C436F9}.Release|x64.Build.0 = Release|x64
		{9E24EBCF-AB30-4BFF-9431-28D4B7C436F9}.Release|x86.ActiveCfg = Release|Win32
		{9E24EBCF-AB30-4BFF-9431-28D4B7C436F9}.Release|x86.Build.0 = Release|Win32
		{AC95BA89-8CC4-445D-80E3-707926D0D2C4}.Debug|x64.ActiveCfg = Debug|x64
		{AC95BA89-8CC4-445D-80E3-707926D0D2C4}.Debug|x64.Build.0 = Debug|x64
		{AC95BA89-8CC4-445D-80E3-707926D0D2C4}.Debug|x86.ActiveCfg = Debug|Win32
		{AC95BA89-8CC4-445D-80E3-707926D0D2C4}.Debug|x86.Build.0 = Debug|Win32
		{AC95BA89-8CC4-445D-80E3-707926D0D2C4}.Release|x64.ActiveCfg = Release|x64
		{AC95BA89-8CC4-445D-80E3-707926D0D2C4}.Release|x64.Build.0 = Release|x64
		{AC95BA89-8CC4-445D-80E3-707926D0D2C4}.Release|x86.ActiveCfg = Release|Win32
		{AC95BA89-8CC4-445D-80E3-707926D0D2C4}.Release|x86.Build.0 = Release|Win32
		{5826AFE0-5AD4-4B2F-8801-8B811EC46229}.Debug|x64.ActiveCfg = Debug|x64
		{5826AFE0-5AD4-4B2F-8801-8B811EC46229}.Debug|x64.Build.0 = Debug|x64
		{5826AFE0-5AD4-4B2F-8801-8B811EC46229}.Debug|x86.ActiveCfg = Debug|Win32
		{5826AFE0-5AD4-4B2F-8801-8B811EC46229}.Debug|x86.Build.0 = Debug|Win32
		{5826AFE0-5AD4-4B2F-8801-8B811EC46229}.Release|x64.ActiveCfg = Release|x64
		{5826AFE0-5AD4-4B2F-8801-8B811EC46229}.Release|x64.Build.0 = Release|x64
		{5826AFE0-5AD4-4B2F-8801-8B811EC46229}.Release|x86.ActiveCfg = Release|Win32
		{5826AFE0-5AD4-4B2F-8801-8B811EC46229}.Release|x86.Build.0 = Release|Win32
		{700D135E-9E6C-4C19-9B24-826A5CA7CAA5}.Debug|x64.ActiveCfg = Debug|x64
		{700D135E-9E6C-4C19-9B24-826A5CA7CAA5}.Debug|x64.Build.0 = Debug|x64
		{700D135E-9E6C-4C19-9B24-826A5CA7CAA5}.Debug|x86.ActiveCfg = Debug|Win32
		{700D135E-9E6C-4C19-9B24-826A5CA7CAA5}.Debug|x86.Build.0 = Debug|Win32
		{700D135E-9E6C-4C19-9B24-826A5CA7CAA5}.Release|x64.ActiveCfg = Release|x64
		{700D135E-9E6C-4C19-9B24-826A5CA7CAA5}.Release|x64.Build.0 = Release|x64
		{700D135E-9E6C-4C19-9B24-826A5CA7CAA5}.Release|x86.ActiveCfg = Release|Win32
		{700D135E-9E6C-4C19-9B24-826A5CA7CAA5}.Release|x86.Build.0 = Release|Win32
		{294AA333-6CC9-477A-8D14-A453660ED0BF}.Debug|x64.ActiveCfg = Debug|x64
		{294AA333-6CC9-477A-8D14-A453660ED0BF}.Debug|x64.Build.0 = Debug|x64
		{294AA333-6CC9-477A-8D14-A453660ED0BF}.Debug|x86.ActiveCfg = Debug|Win32
		{294AA333-6CC9-477A-8D14-A453660ED0BF}.Debug|x86.Build.0 = Debug|Win32
		{294AA333-6CC9-477A-8D14-A453660ED0BF}.Release|x64.ActiveCfg = Release|x64
		{294AA333-6CC9-477A-8D14-A453660ED0BF}.Release|x64.Build.0 = Release|x64
		{294AA333-6CC9-477A-8D14-A453660ED0BF}.Release|x86.ActiveCfg = Release|Win32
		{294AA333-6CC9-477A-8D14-A453660ED0BF}.Release|x86.Build.0 = Release|Win32
		{D9BF8CD0-E267-4C3F-B1FC-9327D35C7A2E}.Debug|x64.ActiveCfg = Debug|x64
		{D9BF8CD0-E267-4C3F-B1FC-9327D35C7A2E}.Debug|x64.Build.0 = Debug|x64
		{D9BF8CD0-E267-4C3F-B1FC-9327D35C7A2E}.Debug|x86.ActiveCfg = Debug|Win32
		{D9BF8CD0-E267-4C3F-B1FC-9327D35C7A2E}.Debug|x86.Build.0 = Debug|Win32
		{D9BF8CD0-E267-4C3F-B1FC-9327D35C7A2E}.Release|x64.ActiveCfg = Release|x64
		{D9BF8CD0-E267-4C3F-B1FC-9327D35C7A2E}.Release|x64.Build.0 = Release|x64
		{D9BF8CD0-E267-4C3F-B1FC-9327D35C7A2E}.Release|x86.ActiveCfg = Release|Win32
		{D9BF8CD0-E267-4C3F-B1FC-9327D35C7A2E}.Release|x86.Build.0 = Release|Win32
		{53681476-F2FF-4B84-9200-1BCFC00BCD60}.Debug|x64.ActiveCfg = Debug|x64
		{53681476-F2FF-4B84-9200-1BCFC00BCD60}.Debug|x64.Build.0 = Debug|x64
		{53681476-F2FF-4B84-9200-1BCFC00BCD60}.Debug|x86.ActiveCfg = Debug|Win32
		{53681476-F2FF-4B84-9200-1BCFC00BCD60}.Debug|x86.Build.0 = Debug|Win32
		{53681476-F2FF-4B84-9200-1BCFC00BCD60}.Release|x64.ActiveCfg = Release|x64
		{53681476-F2FF-4B84-9200-1BCFC00BCD60}.Release|x64.Build.0 = Release|x64
		{53681476-F2FF-4B84-9200-1BCFC00BCD60}.Release|x86.ActiveCfg = Release|Win32
		{53681476-F2FF-4B84-9200-1BCFC00BCD60}.Release|x86.Build.0 = Release|Win32
		{1F026B1D-7BBC-4A1B-81EA-498611D15B74}.Debug|x64.ActiveCfg = Debug|x64
		{1F026B1D-7BBC-4A1B-81EA-498611D15B74}.Debug|x64.Build.0 = Debug|x64
		{1F026B1D-7BBC-4A1B-81EA-498611D15B74}.Debug|x86.ActiveCfg = Debug|Win32
		{1F026B1D-7BBC-4A1B-81EA-498611D15B74}.Debug|x86.Build.0 = Debug|Win32
		{1F026B1D-7BBC-4A1B-81EA-498611D15B74}.Release|x64.ActiveCfg = Release|x64
		{1F026B1D-7BBC-4A1B-81EA-498611D15B74}.Release|x64.Build.0 = Release|x64
		{1F026B1D-7BBC-4A1B-81EA-498611D15B74}.Release|x86.ActiveCfg = Release|Win32
		{1F026B1D-7BBC-4A1B-81EA-498611D15B74}.Release|x86.Build.0 = Release|Win32
		{F4FA41D9-21DA-4A1A-BD74-3357E018E81E}.Debug|x64.ActiveCfg = Debug|x64
		{F4FA41D9-21DA-4A1A-BD74-3357E018E81E}.Debug|x64.Build.0 = Debug|x64
		{F4FA41D9-21DA-4A1A-BD74-3357E018E81E}.Debug|x86.ActiveCfg = Debug|Win32
		{F4FA41D9-21DA-4A1A-BD74-3357E018E81E}.Debug|x86.Build.0 = Debug|Win32
		{F4FA41D9-21DA-4A1A-BD74-3357E018E81E}.Release|x64.ActiveCfg = Release|x64
		{F4FA41D9-21DA-4A1A-BD74-3357E018E81E}.Release|x64.Build.0 = Release|x64
		{F4FA41D9-21DA-4A1A-BD74-3357E018E81E}.Release|x86.ActiveCfg = Release|Win32
		{F4FA41D9-21DA-4A1A-BD74-3357E018E81E}.Release|x86.Build.0 = Release|Win32
	EndGlobalSection
	GlobalSection(SolutionProperties) = preSolution
		HideSolutionNode = FALSE
	EndGlobalSection
	GlobalSection(ExtensibilityGlobals) = postSolution
		SolutionGuid = {106B87D7-E3CD-4E1E-BB6F-51156E7C435D}
	EndGlobalSection
EndGlobal
