<?xml version="1.0" encoding="utf-8"?>
<Project ToolsVersion="4.0" xmlns="http://schemas.microsoft.com/developer/msbuild/2003">
  <ItemGroup>
    <Filter Include="Driver">
      <UniqueIdentifier>{545865f4-55f7-4adc-ad8a-98753c44d30e}</UniqueIdentifier>
    </Filter>
    <Filter Include="Implementation">
      <UniqueIdentifier>{3af60f0c-f959-4df0-bfce-61e5c4635af9}</UniqueIdentifier>
    </Filter>
    <Filter Include="Implementation\Vector">
      <UniqueIdentifier>{a9a08ced-686f-4a7f-998c-df780b399c98}</UniqueIdentifier>
    </Filter>
    <Filter Include="Implementation\Neural">
      <UniqueIdentifier>{0bafb34a-0707-4080-924b-2de6851cc49c}</UniqueIdentifier>
    </Filter>
    <Filter Include="UI">
      <UniqueIdentifier>{cba3320b-ded3-4b64-b3c0-c29ad8adfffe}</UniqueIdentifier>
    </Filter>
  </ItemGroup>
  <ItemGroup>
    <ClCompile Include="Game.cpp">
      <Filter>Driver</Filter>
    </ClCompile>
    <ClCompile Include="main.cpp">
      <Filter>Driver</Filter>
    </ClCompile>
    <ClCompile Include="stdafx.cpp">
      <Filter>Driver</Filter>
    </ClCompile>
    <ClCompile Include="UIManager.cpp">
      <Filter>UI</Filter>
    </ClCompile>
    <ClCompile Include="VectorGenepoolSimulation.cpp">
      <Filter>Implementation\Vector</Filter>
    </ClCompile>
    <ClCompile Include="NeuralGenepoolSimulation.cpp">
      <Filter>Implementation\Neural</Filter>
    </ClCompile>
    <ClCompile Include="global.cpp">
      <Filter>Driver</Filter>
    </ClCompile>
  </ItemGroup>
  <ItemGroup>
    <ClInclude Include="Game.h">
      <Filter>Driver</Filter>
    </ClInclude>
    <ClInclude Include="stdafx.h">
      <Filter>Driver</Filter>
    </ClInclude>
    <ClInclude Include="UIManager.h">
      <Filter>UI</Filter>
    </ClInclude>
    <ClInclude Include="VectorGenepoolSimulation.h">
      <Filter>Implementation\Vector</Filter>
    </ClInclude>
    <ClInclude Include="NeuralGenepoolSimulation.h">
      <Filter>Implementation\Neural</Filter>
    </ClInclude>
    <ClInclude Include="global.h">
      <Filter>Driver</Filter>
    </ClInclude>
  </ItemGroup>
</Project>