<?xml version="1.0" encoding="utf-8"?>
<Project ToolsVersion="4.0" xmlns="http://schemas.microsoft.com/developer/msbuild/2003">
  <ItemGroup>
    <Filter Include="Driver">
      <UniqueIdentifier>{e5ecfff3-fb78-43ac-abfd-c1f7e75c3dd4}</UniqueIdentifier>
    </Filter>
    <Filter Include="Utility">
      <UniqueIdentifier>{49c7e734-14c8-453a-aaab-a2afb791506f}</UniqueIdentifier>
    </Filter>
    <Filter Include="Main">
      <UniqueIdentifier>{4FC737F1-C7A5-4376-A066-2A32D752A2FF}</UniqueIdentifier>
      <Extensions>cpp;c;cc;cxx;c++;def;odl;idl;hpj;bat;asm;asmx</Extensions>
    </Filter>
    <Filter Include="Main\Simulation">
      <UniqueIdentifier>{a6e1c732-8803-4b76-a31c-f7eae76e8f47}</UniqueIdentifier>
    </Filter>
  </ItemGroup>
  <ItemGroup>
    <ClCompile Include="Application.cpp">
      <Filter>Driver</Filter>
    </ClCompile>
    <ClCompile Include="main.cpp">
      <Filter>Driver</Filter>
    </ClCompile>
    <ClCompile Include="GeomUtility.cpp">
      <Filter>Utility</Filter>
    </ClCompile>
    <ClCompile Include="UIDSource.cpp">
      <Filter>Utility</Filter>
    </ClCompile>
    <ClCompile Include="QuadArray.cpp">
      <Filter>Utility</Filter>
    </ClCompile>
    <ClCompile Include="DrawQueue.cpp">
      <Filter>Utility</Filter>
    </ClCompile>
    <ClCompile Include="stdafx.cpp">
      <Filter>Driver</Filter>
    </ClCompile>
    <ClCompile Include="RoadNetwork.cpp">
      <Filter>Main\Simulation</Filter>
    </ClCompile>
    <ClCompile Include="RoadRenderer.cpp">
      <Filter>Main\Simulation</Filter>
    </ClCompile>
    <ClCompile Include="RoadPathfinding.cpp">
      <Filter>Main\Simulation</Filter>
    </ClCompile>
    <ClCompile Include="BuildingManager.cpp">
      <Filter>Main\Simulation</Filter>
    </ClCompile>
    <ClCompile Include="Simulation.cpp">
      <Filter>Main\Simulation</Filter>
    </ClCompile>
    <ClCompile Include="Player.cpp">
      <Filter>Main</Filter>
    </ClCompile>
  </ItemGroup>
  <ItemGroup>
    <ClInclude Include="Application.h">
      <Filter>Driver</Filter>
    </ClInclude>
    <ClInclude Include="GeomUtility.h">
      <Filter>Utility</Filter>
    </ClInclude>
    <ClInclude Include="UIDSource.h">
      <Filter>Utility</Filter>
    </ClInclude>
    <ClInclude Include="QuadArray.h">
      <Filter>Utility</Filter>
    </ClInclude>
    <ClInclude Include="DrawQueue.h">
      <Filter>Utility</Filter>
    </ClInclude>
    <ClInclude Include="stdafx.h">
      <Filter>Driver</Filter>
    </ClInclude>
    <ClInclude Include="RoadNetwork.h">
      <Filter>Main\Simulation</Filter>
    </ClInclude>
    <ClInclude Include="RoadPathfinding.h">
      <Filter>Main\Simulation</Filter>
    </ClInclude>
    <ClInclude Include="BuildingManager.h">
      <Filter>Main\Simulation</Filter>
    </ClInclude>
    <ClInclude Include="RoadRenderer.h">
      <Filter>Main\Simulation</Filter>
    </ClInclude>
    <ClInclude Include="Simulation.h">
      <Filter>Main\Simulation</Filter>
    </ClInclude>
    <ClInclude Include="Player.h">
      <Filter>Main</Filter>
    </ClInclude>
  </ItemGroup>
</Project>