<?xml version="1.0" encoding="utf-8"?>
<Project ToolsVersion="4.0" xmlns="http://schemas.microsoft.com/developer/msbuild/2003">
  <ItemGroup>
    <Filter Include="Library">
      <UniqueIdentifier>{df66125b-0ca2-4677-b8d2-1c04c48a2f77}</UniqueIdentifier>
    </Filter>
    <Filter Include="Usage">
      <UniqueIdentifier>{4FC737F1-C7A5-4376-A066-2A32D752A2FF}</UniqueIdentifier>
      <Extensions>cpp;c;cc;cxx;c++;def;odl;idl;hpj;bat;asm;asmx</Extensions>
    </Filter>
    <Filter Include="Usage\Implementation">
      <UniqueIdentifier>{3af60f0c-f959-4df0-bfce-61e5c4635af9}</UniqueIdentifier>
    </Filter>
    <Filter Include="Usage\Utility">
      <UniqueIdentifier>{d356ae39-d289-443f-a8d0-2cc6089fedfc}</UniqueIdentifier>
    </Filter>
    <Filter Include="Usage\Driver">
      <UniqueIdentifier>{545865f4-55f7-4adc-ad8a-98753c44d30e}</UniqueIdentifier>
    </Filter>
    <Filter Include="Usage\UI">
      <UniqueIdentifier>{cba3320b-ded3-4b64-b3c0-c29ad8adfffe}</UniqueIdentifier>
    </Filter>
    <Filter Include="Usage\Implementation\Vector">
      <UniqueIdentifier>{a9a08ced-686f-4a7f-998c-df780b399c98}</UniqueIdentifier>
    </Filter>
  </ItemGroup>
  <ItemGroup>
    <ClCompile Include="Utility.cpp">
      <Filter>Usage\Utility</Filter>
    </ClCompile>
    <ClCompile Include="Globals.cpp">
      <Filter>Usage\Utility</Filter>
    </ClCompile>
    <ClCompile Include="Game.cpp">
      <Filter>Usage\Driver</Filter>
    </ClCompile>
    <ClCompile Include="main.cpp">
      <Filter>Usage\Driver</Filter>
    </ClCompile>
    <ClCompile Include="stdafx.cpp">
      <Filter>Usage\Driver</Filter>
    </ClCompile>
    <ClCompile Include="UIManager.cpp">
      <Filter>Usage\UI</Filter>
    </ClCompile>
    <ClCompile Include="VectorGenepoolSimulation.cpp">
      <Filter>Usage\Implementation\Vector</Filter>
    </ClCompile>
  </ItemGroup>
  <ItemGroup>
    <ClInclude Include="GenepoolSimulation.h">
      <Filter>Library</Filter>
    </ClInclude>
    <ClInclude Include="Utility.h">
      <Filter>Usage\Utility</Filter>
    </ClInclude>
    <ClInclude Include="Globals.h">
      <Filter>Usage\Utility</Filter>
    </ClInclude>
    <ClInclude Include="Game.h">
      <Filter>Usage\Driver</Filter>
    </ClInclude>
    <ClInclude Include="stdafx.h">
      <Filter>Usage\Driver</Filter>
    </ClInclude>
    <ClInclude Include="UIManager.h">
      <Filter>Usage\UI</Filter>
    </ClInclude>
    <ClInclude Include="VectorGenepoolSimulation.h">
      <Filter>Usage\Implementation\Vector</Filter>
    </ClInclude>
  </ItemGroup>
</Project>